// !$*UTF8*$!
{
	archiveVersion = 1;
	classes = {
	};
	objectVersion = 46;
	objects = {

/* Begin PBXBuildFile section */
		31BCFBE17B19DA769A9E86F0 /* Pods_SSJNetWork_Example.framework in Frameworks */ = {isa = PBXBuildFile; fileRef = 50101D11FB7C638DED43144B /* Pods_SSJNetWork_Example.framework */; };
		6003F58E195388D20070C39A /* Foundation.framework in Frameworks */ = {isa = PBXBuildFile; fileRef = 6003F58D195388D20070C39A /* Foundation.framework */; };
		6003F590195388D20070C39A /* CoreGraphics.framework in Frameworks */ = {isa = PBXBuildFile; fileRef = 6003F58F195388D20070C39A /* CoreGraphics.framework */; };
		6003F592195388D20070C39A /* UIKit.framework in Frameworks */ = {isa = PBXBuildFile; fileRef = 6003F591195388D20070C39A /* UIKit.framework */; };
		6003F598195388D20070C39A /* InfoPlist.strings in Resources */ = {isa = PBXBuildFile; fileRef = 6003F596195388D20070C39A /* InfoPlist.strings */; };
		6003F59A195388D20070C39A /* main.m in Sources */ = {isa = PBXBuildFile; fileRef = 6003F599195388D20070C39A /* main.m */; };
		6003F59E195388D20070C39A /* SSJAppDelegate.m in Sources */ = {isa = PBXBuildFile; fileRef = 6003F59D195388D20070C39A /* SSJAppDelegate.m */; };
		6003F5A9195388D20070C39A /* Images.xcassets in Resources */ = {isa = PBXBuildFile; fileRef = 6003F5A8195388D20070C39A /* Images.xcassets */; };
		6003F5B0195388D20070C39A /* XCTest.framework in Frameworks */ = {isa = PBXBuildFile; fileRef = 6003F5AF195388D20070C39A /* XCTest.framework */; };
		6003F5B1195388D20070C39A /* Foundation.framework in Frameworks */ = {isa = PBXBuildFile; fileRef = 6003F58D195388D20070C39A /* Foundation.framework */; };
		6003F5B2195388D20070C39A /* UIKit.framework in Frameworks */ = {isa = PBXBuildFile; fileRef = 6003F591195388D20070C39A /* UIKit.framework */; };
		6003F5BA195388D20070C39A /* InfoPlist.strings in Resources */ = {isa = PBXBuildFile; fileRef = 6003F5B8195388D20070C39A /* InfoPlist.strings */; };
		6003F5BC195388D20070C39A /* Tests.m in Sources */ = {isa = PBXBuildFile; fileRef = 6003F5BB195388D20070C39A /* Tests.m */; };
		71719F9F1E33DC2100824A3D /* LaunchScreen.storyboard in Resources */ = {isa = PBXBuildFile; fileRef = 71719F9D1E33DC2100824A3D /* LaunchScreen.storyboard */; };
		A8724B56226DC090002E8B0C /* .gitkeep in Resources */ = {isa = PBXBuildFile; fileRef = A8724B50226DC090002E8B0C /* .gitkeep */; };
		A8724B57226DC090002E8B0C /* .gitkeep in Resources */ = {isa = PBXBuildFile; fileRef = A8724B55226DC090002E8B0C /* .gitkeep */; };
		A8724B60226DC0AE002E8B0C /* NEHTTPEyeDetailViewController.m in Sources */ = {isa = PBXBuildFile; fileRef = A8724B58226DC0AE002E8B0C /* NEHTTPEyeDetailViewController.m */; };
		A8724B61226DC0AE002E8B0C /* NEHTTPEyeViewController.m in Sources */ = {isa = PBXBuildFile; fileRef = A8724B59226DC0AE002E8B0C /* NEHTTPEyeViewController.m */; };
		A8724B63226DC0AE002E8B0C /* NEHTTPModelManager.m in Sources */ = {isa = PBXBuildFile; fileRef = A8724B5F226DC0AE002E8B0C /* NEHTTPModelManager.m */; };
		A8724B66226DC0BC002E8B0C /* SSJMemCacheDataCenter.m in Sources */ = {isa = PBXBuildFile; fileRef = A8724B65226DC0BC002E8B0C /* SSJMemCacheDataCenter.m */; };
		A8724B82226DC1B7002E8B0C /* NSDictionary+SSJNetWork.m in Sources */ = {isa = PBXBuildFile; fileRef = A8724B81226DC1B7002E8B0C /* NSDictionary+SSJNetWork.m */; };
		A8724B85226DC1DB002E8B0C /* NSString+SSJNetWork.m in Sources */ = {isa = PBXBuildFile; fileRef = A8724B84226DC1DB002E8B0C /* NSString+SSJNetWork.m */; };
		A8724B88226DC213002E8B0C /* UIViewController+SSJNetWork.m in Sources */ = {isa = PBXBuildFile; fileRef = A8724B87226DC213002E8B0C /* UIViewController+SSJNetWork.m */; };
		A8724B8B226DC232002E8B0C /* UINavigationController+SSJNetWork.m in Sources */ = {isa = PBXBuildFile; fileRef = A8724B8A226DC232002E8B0C /* UINavigationController+SSJNetWork.m */; };
		A8724B8E226DC300002E8B0C /* SSJApiProxy.m in Sources */ = {isa = PBXBuildFile; fileRef = A8724B8D226DC300002E8B0C /* SSJApiProxy.m */; };
		A8724B91226DC315002E8B0C /* SSJHTTPSessionModel.m in Sources */ = {isa = PBXBuildFile; fileRef = A8724B90226DC315002E8B0C /* SSJHTTPSessionModel.m */; };
		A8724B94226DC328002E8B0C /* SSJNetWorkConfig.m in Sources */ = {isa = PBXBuildFile; fileRef = A8724B93226DC328002E8B0C /* SSJNetWorkConfig.m */; };
		A8724B97226DC34E002E8B0C /* SSJApiRequestManager.m in Sources */ = {isa = PBXBuildFile; fileRef = A8724B96226DC34E002E8B0C /* SSJApiRequestManager.m */; };
		A8724B9D226DC383002E8B0C /* SSJNetWorkHelper.m in Sources */ = {isa = PBXBuildFile; fileRef = A8724B9C226DC383002E8B0C /* SSJNetWorkHelper.m */; };
		A8724BA3226DC402002E8B0C /* SSJNetworkRequestConfig.m in Sources */ = {isa = PBXBuildFile; fileRef = A8724BA2226DC402002E8B0C /* SSJNetworkRequestConfig.m */; };
		A8724BA6226DC60D002E8B0C /* SSJURLRequestManager.m in Sources */ = {isa = PBXBuildFile; fileRef = A8724BA5226DC60D002E8B0C /* SSJURLRequestManager.m */; };
		A8724BA9226DCB00002E8B0C /* SSJNetWorkLogHelper.m in Sources */ = {isa = PBXBuildFile; fileRef = A8724BA8226DCB00002E8B0C /* SSJNetWorkLogHelper.m */; };
		A8724BB8226DCE4E002E8B0C /* SSJHomeViewController.m in Sources */ = {isa = PBXBuildFile; fileRef = A8724BAC226DCE4E002E8B0C /* SSJHomeViewController.m */; };
		A8724BB9226DCE4E002E8B0C /* SSJHomeRequestService.m in Sources */ = {isa = PBXBuildFile; fileRef = A8724BB1226DCE4E002E8B0C /* SSJHomeRequestService.m */; };
		A8724BBA226DCE4E002E8B0C /* NSObject+SSJNetWork.m in Sources */ = {isa = PBXBuildFile; fileRef = A8724BB6226DCE4E002E8B0C /* NSObject+SSJNetWork.m */; };
		A8724BBE226DCEF5002E8B0C /* SSJRequestService.m in Sources */ = {isa = PBXBuildFile; fileRef = A8724BBD226DCEF5002E8B0C /* SSJRequestService.m */; };
		A8724BC2226DD15A002E8B0C /* Main.storyboard in Resources */ = {isa = PBXBuildFile; fileRef = A8724BC1226DD15A002E8B0C /* Main.storyboard */; };
/* End PBXBuildFile section */

/* Begin PBXContainerItemProxy section */
		6003F5B3195388D20070C39A /* PBXContainerItemProxy */ = {
			isa = PBXContainerItemProxy;
			containerPortal = 6003F582195388D10070C39A /* Project object */;
			proxyType = 1;
			remoteGlobalIDString = 6003F589195388D20070C39A;
			remoteInfo = SSJNetWork;
		};
/* End PBXContainerItemProxy section */

/* Begin PBXFileReference section */
		096F933396571AC4C955BF45 /* Pods-SSJNetWork_Example.debug.xcconfig */ = {isa = PBXFileReference; includeInIndex = 1; lastKnownFileType = text.xcconfig; name = "Pods-SSJNetWork_Example.debug.xcconfig"; path = "Target Support Files/Pods-SSJNetWork_Example/Pods-SSJNetWork_Example.debug.xcconfig"; sourceTree = "<group>"; };
		31B080C79B0D159DA0074924 /* LICENSE */ = {isa = PBXFileReference; includeInIndex = 1; lastKnownFileType = text; name = LICENSE; path = ../LICENSE; sourceTree = "<group>"; };
		50101D11FB7C638DED43144B /* Pods_SSJNetWork_Example.framework */ = {isa = PBXFileReference; explicitFileType = wrapper.framework; includeInIndex = 0; path = Pods_SSJNetWork_Example.framework; sourceTree = BUILT_PRODUCTS_DIR; };
		5C10CF66FC77A576096A4499 /* Pods-SSJNetWork_Example.release.xcconfig */ = {isa = PBXFileReference; includeInIndex = 1; lastKnownFileType = text.xcconfig; name = "Pods-SSJNetWork_Example.release.xcconfig"; path = "Target Support Files/Pods-SSJNetWork_Example/Pods-SSJNetWork_Example.release.xcconfig"; sourceTree = "<group>"; };
		6003F58A195388D20070C39A /* SSJNetWork_Example.app */ = {isa = PBXFileReference; explicitFileType = wrapper.application; includeInIndex = 0; path = SSJNetWork_Example.app; sourceTree = BUILT_PRODUCTS_DIR; };
		6003F58D195388D20070C39A /* Foundation.framework */ = {isa = PBXFileReference; lastKnownFileType = wrapper.framework; name = Foundation.framework; path = System/Library/Frameworks/Foundation.framework; sourceTree = SDKROOT; };
		6003F58F195388D20070C39A /* CoreGraphics.framework */ = {isa = PBXFileReference; lastKnownFileType = wrapper.framework; name = CoreGraphics.framework; path = System/Library/Frameworks/CoreGraphics.framework; sourceTree = SDKROOT; };
		6003F591195388D20070C39A /* UIKit.framework */ = {isa = PBXFileReference; lastKnownFileType = wrapper.framework; name = UIKit.framework; path = System/Library/Frameworks/UIKit.framework; sourceTree = SDKROOT; };
		6003F595195388D20070C39A /* SSJNetWork-Info.plist */ = {isa = PBXFileReference; lastKnownFileType = text.plist.xml; path = "SSJNetWork-Info.plist"; sourceTree = "<group>"; };
		6003F597195388D20070C39A /* en */ = {isa = PBXFileReference; lastKnownFileType = text.plist.strings; name = en; path = en.lproj/InfoPlist.strings; sourceTree = "<group>"; };
		6003F599195388D20070C39A /* main.m */ = {isa = PBXFileReference; lastKnownFileType = sourcecode.c.objc; path = main.m; sourceTree = "<group>"; };
		6003F59B195388D20070C39A /* SSJNetWork-Prefix.pch */ = {isa = PBXFileReference; lastKnownFileType = sourcecode.c.h; path = "SSJNetWork-Prefix.pch"; sourceTree = "<group>"; };
		6003F59C195388D20070C39A /* SSJAppDelegate.h */ = {isa = PBXFileReference; lastKnownFileType = sourcecode.c.h; path = SSJAppDelegate.h; sourceTree = "<group>"; };
		6003F59D195388D20070C39A /* SSJAppDelegate.m */ = {isa = PBXFileReference; lastKnownFileType = sourcecode.c.objc; path = SSJAppDelegate.m; sourceTree = "<group>"; };
		6003F5A8195388D20070C39A /* Images.xcassets */ = {isa = PBXFileReference; lastKnownFileType = folder.assetcatalog; path = Images.xcassets; sourceTree = "<group>"; };
		6003F5AE195388D20070C39A /* SSJNetWork_Tests.xctest */ = {isa = PBXFileReference; explicitFileType = wrapper.cfbundle; includeInIndex = 0; path = SSJNetWork_Tests.xctest; sourceTree = BUILT_PRODUCTS_DIR; };
		6003F5AF195388D20070C39A /* XCTest.framework */ = {isa = PBXFileReference; lastKnownFileType = wrapper.framework; name = XCTest.framework; path = Library/Frameworks/XCTest.framework; sourceTree = DEVELOPER_DIR; };
		6003F5B7195388D20070C39A /* Tests-Info.plist */ = {isa = PBXFileReference; lastKnownFileType = text.plist.xml; path = "Tests-Info.plist"; sourceTree = "<group>"; };
		6003F5B9195388D20070C39A /* en */ = {isa = PBXFileReference; lastKnownFileType = text.plist.strings; name = en; path = en.lproj/InfoPlist.strings; sourceTree = "<group>"; };
		6003F5BB195388D20070C39A /* Tests.m */ = {isa = PBXFileReference; lastKnownFileType = sourcecode.c.objc; path = Tests.m; sourceTree = "<group>"; };
		606FC2411953D9B200FFA9A0 /* Tests-Prefix.pch */ = {isa = PBXFileReference; lastKnownFileType = sourcecode.c.h; path = "Tests-Prefix.pch"; sourceTree = "<group>"; };
		71719F9E1E33DC2100824A3D /* Base */ = {isa = PBXFileReference; lastKnownFileType = file.storyboard; name = Base; path = Base.lproj/LaunchScreen.storyboard; sourceTree = "<group>"; };
		7832D190966A544F7D141C69 /* README.md */ = {isa = PBXFileReference; includeInIndex = 1; lastKnownFileType = net.daringfireball.markdown; name = README.md; path = ../README.md; sourceTree = "<group>"; };
		78A0D04FBFACF847EC9D9A3B /* SSJNetWork.podspec */ = {isa = PBXFileReference; includeInIndex = 1; lastKnownFileType = text; name = SSJNetWork.podspec; path = ../SSJNetWork.podspec; sourceTree = "<group>"; };
		7C6E607D43337853C9440FC3 /* Pods_SSJNetWork_Tests.framework */ = {isa = PBXFileReference; explicitFileType = wrapper.framework; includeInIndex = 0; path = Pods_SSJNetWork_Tests.framework; sourceTree = BUILT_PRODUCTS_DIR; };
		A8724B50226DC090002E8B0C /* .gitkeep */ = {isa = PBXFileReference; fileEncoding = 4; lastKnownFileType = text; path = .gitkeep; sourceTree = "<group>"; };
		A8724B55226DC090002E8B0C /* .gitkeep */ = {isa = PBXFileReference; fileEncoding = 4; lastKnownFileType = text; path = .gitkeep; sourceTree = "<group>"; };
		A8724B58226DC0AE002E8B0C /* NEHTTPEyeDetailViewController.m */ = {isa = PBXFileReference; fileEncoding = 4; lastKnownFileType = sourcecode.c.objc; path = NEHTTPEyeDetailViewController.m; sourceTree = "<group>"; };
		A8724B59226DC0AE002E8B0C /* NEHTTPEyeViewController.m */ = {isa = PBXFileReference; fileEncoding = 4; lastKnownFileType = sourcecode.c.objc; path = NEHTTPEyeViewController.m; sourceTree = "<group>"; };
		A8724B5B226DC0AE002E8B0C /* NEHTTPModelManager.h */ = {isa = PBXFileReference; fileEncoding = 4; lastKnownFileType = sourcecode.c.h; path = NEHTTPModelManager.h; sourceTree = "<group>"; };
		A8724B5D226DC0AE002E8B0C /* NEHTTPEyeDetailViewController.h */ = {isa = PBXFileReference; fileEncoding = 4; lastKnownFileType = sourcecode.c.h; path = NEHTTPEyeDetailViewController.h; sourceTree = "<group>"; };
		A8724B5E226DC0AE002E8B0C /* NEHTTPEyeViewController.h */ = {isa = PBXFileReference; fileEncoding = 4; lastKnownFileType = sourcecode.c.h; path = NEHTTPEyeViewController.h; sourceTree = "<group>"; };
		A8724B5F226DC0AE002E8B0C /* NEHTTPModelManager.m */ = {isa = PBXFileReference; fileEncoding = 4; lastKnownFileType = sourcecode.c.objc; path = NEHTTPModelManager.m; sourceTree = "<group>"; };
		A8724B64226DC0BC002E8B0C /* SSJMemCacheDataCenter.h */ = {isa = PBXFileReference; fileEncoding = 4; lastKnownFileType = sourcecode.c.h; path = SSJMemCacheDataCenter.h; sourceTree = "<group>"; };
		A8724B65226DC0BC002E8B0C /* SSJMemCacheDataCenter.m */ = {isa = PBXFileReference; fileEncoding = 4; lastKnownFileType = sourcecode.c.objc; path = SSJMemCacheDataCenter.m; sourceTree = "<group>"; };
		A8724B7F226DC18E002E8B0C /* SSJNetworkingDefines.h */ = {isa = PBXFileReference; fileEncoding = 4; lastKnownFileType = sourcecode.c.h; path = SSJNetworkingDefines.h; sourceTree = "<group>"; };
		A8724B80226DC1B7002E8B0C /* NSDictionary+SSJNetWork.h */ = {isa = PBXFileReference; lastKnownFileType = sourcecode.c.h; path = "NSDictionary+SSJNetWork.h"; sourceTree = "<group>"; };
		A8724B81226DC1B7002E8B0C /* NSDictionary+SSJNetWork.m */ = {isa = PBXFileReference; lastKnownFileType = sourcecode.c.objc; path = "NSDictionary+SSJNetWork.m"; sourceTree = "<group>"; };
		A8724B83226DC1DA002E8B0C /* NSString+SSJNetWork.h */ = {isa = PBXFileReference; lastKnownFileType = sourcecode.c.h; path = "NSString+SSJNetWork.h"; sourceTree = "<group>"; };
		A8724B84226DC1DB002E8B0C /* NSString+SSJNetWork.m */ = {isa = PBXFileReference; lastKnownFileType = sourcecode.c.objc; path = "NSString+SSJNetWork.m"; sourceTree = "<group>"; };
		A8724B86226DC213002E8B0C /* UIViewController+SSJNetWork.h */ = {isa = PBXFileReference; lastKnownFileType = sourcecode.c.h; path = "UIViewController+SSJNetWork.h"; sourceTree = "<group>"; };
		A8724B87226DC213002E8B0C /* UIViewController+SSJNetWork.m */ = {isa = PBXFileReference; lastKnownFileType = sourcecode.c.objc; path = "UIViewController+SSJNetWork.m"; sourceTree = "<group>"; };
		A8724B89226DC232002E8B0C /* UINavigationController+SSJNetWork.h */ = {isa = PBXFileReference; lastKnownFileType = sourcecode.c.h; path = "UINavigationController+SSJNetWork.h"; sourceTree = "<group>"; };
		A8724B8A226DC232002E8B0C /* UINavigationController+SSJNetWork.m */ = {isa = PBXFileReference; lastKnownFileType = sourcecode.c.objc; path = "UINavigationController+SSJNetWork.m"; sourceTree = "<group>"; };
		A8724B8C226DC300002E8B0C /* SSJApiProxy.h */ = {isa = PBXFileReference; lastKnownFileType = sourcecode.c.h; path = SSJApiProxy.h; sourceTree = "<group>"; };
		A8724B8D226DC300002E8B0C /* SSJApiProxy.m */ = {isa = PBXFileReference; lastKnownFileType = sourcecode.c.objc; path = SSJApiProxy.m; sourceTree = "<group>"; };
		A8724B8F226DC315002E8B0C /* SSJHTTPSessionModel.h */ = {isa = PBXFileReference; lastKnownFileType = sourcecode.c.h; path = SSJHTTPSessionModel.h; sourceTree = "<group>"; };
		A8724B90226DC315002E8B0C /* SSJHTTPSessionModel.m */ = {isa = PBXFileReference; lastKnownFileType = sourcecode.c.objc; path = SSJHTTPSessionModel.m; sourceTree = "<group>"; };
		A8724B92226DC328002E8B0C /* SSJNetWorkConfig.h */ = {isa = PBXFileReference; lastKnownFileType = sourcecode.c.h; path = SSJNetWorkConfig.h; sourceTree = "<group>"; };
		A8724B93226DC328002E8B0C /* SSJNetWorkConfig.m */ = {isa = PBXFileReference; lastKnownFileType = sourcecode.c.objc; path = SSJNetWorkConfig.m; sourceTree = "<group>"; };
		A8724B95226DC34E002E8B0C /* SSJApiRequestManager.h */ = {isa = PBXFileReference; lastKnownFileType = sourcecode.c.h; path = SSJApiRequestManager.h; sourceTree = "<group>"; };
		A8724B96226DC34E002E8B0C /* SSJApiRequestManager.m */ = {isa = PBXFileReference; lastKnownFileType = sourcecode.c.objc; path = SSJApiRequestManager.m; sourceTree = "<group>"; };
		A8724B9B226DC383002E8B0C /* SSJNetWorkHelper.h */ = {isa = PBXFileReference; lastKnownFileType = sourcecode.c.h; path = SSJNetWorkHelper.h; sourceTree = "<group>"; };
		A8724B9C226DC383002E8B0C /* SSJNetWorkHelper.m */ = {isa = PBXFileReference; lastKnownFileType = sourcecode.c.objc; path = SSJNetWorkHelper.m; sourceTree = "<group>"; };
		A8724BA1226DC402002E8B0C /* SSJNetworkRequestConfig.h */ = {isa = PBXFileReference; lastKnownFileType = sourcecode.c.h; path = SSJNetworkRequestConfig.h; sourceTree = "<group>"; };
		A8724BA2226DC402002E8B0C /* SSJNetworkRequestConfig.m */ = {isa = PBXFileReference; lastKnownFileType = sourcecode.c.objc; path = SSJNetworkRequestConfig.m; sourceTree = "<group>"; };
		A8724BA4226DC60D002E8B0C /* SSJURLRequestManager.h */ = {isa = PBXFileReference; lastKnownFileType = sourcecode.c.h; path = SSJURLRequestManager.h; sourceTree = "<group>"; };
		A8724BA5226DC60D002E8B0C /* SSJURLRequestManager.m */ = {isa = PBXFileReference; lastKnownFileType = sourcecode.c.objc; path = SSJURLRequestManager.m; sourceTree = "<group>"; };
		A8724BA7226DCB00002E8B0C /* SSJNetWorkLogHelper.h */ = {isa = PBXFileReference; lastKnownFileType = sourcecode.c.h; path = SSJNetWorkLogHelper.h; sourceTree = "<group>"; };
		A8724BA8226DCB00002E8B0C /* SSJNetWorkLogHelper.m */ = {isa = PBXFileReference; lastKnownFileType = sourcecode.c.objc; path = SSJNetWorkLogHelper.m; sourceTree = "<group>"; };
		A8724BAC226DCE4E002E8B0C /* SSJHomeViewController.m */ = {isa = PBXFileReference; fileEncoding = 4; lastKnownFileType = sourcecode.c.objc; path = SSJHomeViewController.m; sourceTree = "<group>"; };
		A8724BAD226DCE4E002E8B0C /* SSJHomeViewController.h */ = {isa = PBXFileReference; fileEncoding = 4; lastKnownFileType = sourcecode.c.h; path = SSJHomeViewController.h; sourceTree = "<group>"; };
		A8724BB1226DCE4E002E8B0C /* SSJHomeRequestService.m */ = {isa = PBXFileReference; fileEncoding = 4; lastKnownFileType = sourcecode.c.objc; path = SSJHomeRequestService.m; sourceTree = "<group>"; };
		A8724BB2226DCE4E002E8B0C /* SSJHomeRequestService.h */ = {isa = PBXFileReference; fileEncoding = 4; lastKnownFileType = sourcecode.c.h; path = SSJHomeRequestService.h; sourceTree = "<group>"; };
		A8724BB4226DCE4E002E8B0C /* NSObject+SSJNetWork.h */ = {isa = PBXFileReference; fileEncoding = 4; lastKnownFileType = sourcecode.c.h; path = "NSObject+SSJNetWork.h"; sourceTree = "<group>"; };
		A8724BB6226DCE4E002E8B0C /* NSObject+SSJNetWork.m */ = {isa = PBXFileReference; fileEncoding = 4; lastKnownFileType = sourcecode.c.objc; path = "NSObject+SSJNetWork.m"; sourceTree = "<group>"; };
		A8724BBC226DCEF5002E8B0C /* SSJRequestService.h */ = {isa = PBXFileReference; lastKnownFileType = sourcecode.c.h; path = SSJRequestService.h; sourceTree = "<group>"; };
		A8724BBD226DCEF5002E8B0C /* SSJRequestService.m */ = {isa = PBXFileReference; lastKnownFileType = sourcecode.c.objc; path = SSJRequestService.m; sourceTree = "<group>"; };
		A8724BC0226DCF3B002E8B0C /* SSJNetWork.h */ = {isa = PBXFileReference; fileEncoding = 4; lastKnownFileType = sourcecode.c.h; name = SSJNetWork.h; path = ../../../../../SJNetWork/SJNetWork/Classes/SSJNetWork.h; sourceTree = "<group>"; };
		A8724BC1226DD15A002E8B0C /* Main.storyboard */ = {isa = PBXFileReference; fileEncoding = 4; lastKnownFileType = file.storyboard; path = Main.storyboard; sourceTree = "<group>"; };
/* End PBXFileReference section */

/* Begin PBXFrameworksBuildPhase section */
		6003F587195388D20070C39A /* Frameworks */ = {
			isa = PBXFrameworksBuildPhase;
			buildActionMask = 2147483647;
			files = (
				6003F590195388D20070C39A /* CoreGraphics.framework in Frameworks */,
				6003F592195388D20070C39A /* UIKit.framework in Frameworks */,
				6003F58E195388D20070C39A /* Foundation.framework in Frameworks */,
				31BCFBE17B19DA769A9E86F0 /* Pods_SSJNetWork_Example.framework in Frameworks */,
			);
			runOnlyForDeploymentPostprocessing = 0;
		};
		6003F5AB195388D20070C39A /* Frameworks */ = {
			isa = PBXFrameworksBuildPhase;
			buildActionMask = 2147483647;
			files = (
				6003F5B0195388D20070C39A /* XCTest.framework in Frameworks */,
				6003F5B2195388D20070C39A /* UIKit.framework in Frameworks */,
				6003F5B1195388D20070C39A /* Foundation.framework in Frameworks */,
			);
			runOnlyForDeploymentPostprocessing = 0;
		};
/* End PBXFrameworksBuildPhase section */

/* Begin PBXGroup section */
		6003F581195388D10070C39A = {
			isa = PBXGroup;
			children = (
				60FF7A9C1954A5C5007DD14C /* Podspec Metadata */,
				6003F593195388D20070C39A /* Example for SSJNetWork */,
				6003F5B5195388D20070C39A /* Tests */,
				6003F58C195388D20070C39A /* Frameworks */,
				6003F58B195388D20070C39A /* Products */,
				80A0F6674B23C6BF38CA72F4 /* Pods */,
			);
			sourceTree = "<group>";
		};
		6003F58B195388D20070C39A /* Products */ = {
			isa = PBXGroup;
			children = (
				6003F58A195388D20070C39A /* SSJNetWork_Example.app */,
				6003F5AE195388D20070C39A /* SSJNetWork_Tests.xctest */,
			);
			name = Products;
			sourceTree = "<group>";
		};
		6003F58C195388D20070C39A /* Frameworks */ = {
			isa = PBXGroup;
			children = (
				6003F58D195388D20070C39A /* Foundation.framework */,
				6003F58F195388D20070C39A /* CoreGraphics.framework */,
				6003F591195388D20070C39A /* UIKit.framework */,
				6003F5AF195388D20070C39A /* XCTest.framework */,
				50101D11FB7C638DED43144B /* Pods_SSJNetWork_Example.framework */,
				7C6E607D43337853C9440FC3 /* Pods_SSJNetWork_Tests.framework */,
			);
			name = Frameworks;
			sourceTree = "<group>";
		};
		6003F593195388D20070C39A /* Example for SSJNetWork */ = {
			isa = PBXGroup;
			children = (
				A8724B4C226DC090002E8B0C /* SSJNetWork */,
				6003F59C195388D20070C39A /* SSJAppDelegate.h */,
				6003F59D195388D20070C39A /* SSJAppDelegate.m */,
				A8724BC1226DD15A002E8B0C /* Main.storyboard */,
				A8724BAA226DCE4E002E8B0C /* Home */,
				A8724BB3226DCE4E002E8B0C /* HTTPService */,
				6003F594195388D20070C39A /* Supporting Files */,
			);
			name = "Example for SSJNetWork";
			path = SSJNetWork;
			sourceTree = "<group>";
		};
		6003F594195388D20070C39A /* Supporting Files */ = {
			isa = PBXGroup;
			children = (
				71719F9D1E33DC2100824A3D /* LaunchScreen.storyboard */,
				6003F5A8195388D20070C39A /* Images.xcassets */,
				6003F595195388D20070C39A /* SSJNetWork-Info.plist */,
				6003F596195388D20070C39A /* InfoPlist.strings */,
				6003F599195388D20070C39A /* main.m */,
				6003F59B195388D20070C39A /* SSJNetWork-Prefix.pch */,
			);
			name = "Supporting Files";
			sourceTree = "<group>";
		};
		6003F5B5195388D20070C39A /* Tests */ = {
			isa = PBXGroup;
			children = (
				6003F5BB195388D20070C39A /* Tests.m */,
				6003F5B6195388D20070C39A /* Supporting Files */,
			);
			path = Tests;
			sourceTree = "<group>";
		};
		6003F5B6195388D20070C39A /* Supporting Files */ = {
			isa = PBXGroup;
			children = (
				6003F5B7195388D20070C39A /* Tests-Info.plist */,
				6003F5B8195388D20070C39A /* InfoPlist.strings */,
				606FC2411953D9B200FFA9A0 /* Tests-Prefix.pch */,
			);
			name = "Supporting Files";
			sourceTree = "<group>";
		};
		60FF7A9C1954A5C5007DD14C /* Podspec Metadata */ = {
			isa = PBXGroup;
			children = (
				78A0D04FBFACF847EC9D9A3B /* SSJNetWork.podspec */,
				7832D190966A544F7D141C69 /* README.md */,
				31B080C79B0D159DA0074924 /* LICENSE */,
			);
			name = "Podspec Metadata";
			sourceTree = "<group>";
		};
		80A0F6674B23C6BF38CA72F4 /* Pods */ = {
			isa = PBXGroup;
			children = (
				096F933396571AC4C955BF45 /* Pods-SSJNetWork_Example.debug.xcconfig */,
				5C10CF66FC77A576096A4499 /* Pods-SSJNetWork_Example.release.xcconfig */,
			);
			path = Pods;
			sourceTree = "<group>";
		};
		A8724B4C226DC090002E8B0C /* SSJNetWork */ = {
			isa = PBXGroup;
			children = (
				A8724B4D226DC090002E8B0C /* Classes */,
				A8724B54226DC090002E8B0C /* Assets */,
			);
			path = SSJNetWork;
			sourceTree = "<group>";
		};
		A8724B4D226DC090002E8B0C /* Classes */ = {
			isa = PBXGroup;
			children = (
				A8724BC0226DCF3B002E8B0C /* SSJNetWork.h */,
				A8724B4E226DC090002E8B0C /* Catagory */,
				A8724B4F226DC090002E8B0C /* Cache */,
				A8724B50226DC090002E8B0C /* .gitkeep */,
				A8724B51226DC090002E8B0C /* Support Files */,
				A8724B52226DC090002E8B0C /* Log */,
				A8724B53226DC090002E8B0C /* Request */,
			);
			path = Classes;
			sourceTree = "<group>";
		};
		A8724B4E226DC090002E8B0C /* Catagory */ = {
			isa = PBXGroup;
			children = (
				A8724B80226DC1B7002E8B0C /* NSDictionary+SSJNetWork.h */,
				A8724B81226DC1B7002E8B0C /* NSDictionary+SSJNetWork.m */,
				A8724B83226DC1DA002E8B0C /* NSString+SSJNetWork.h */,
				A8724B84226DC1DB002E8B0C /* NSString+SSJNetWork.m */,
				A8724B86226DC213002E8B0C /* UIViewController+SSJNetWork.h */,
				A8724B87226DC213002E8B0C /* UIViewController+SSJNetWork.m */,
				A8724B89226DC232002E8B0C /* UINavigationController+SSJNetWork.h */,
				A8724B8A226DC232002E8B0C /* UINavigationController+SSJNetWork.m */,
			);
			path = Catagory;
			sourceTree = "<group>";
		};
		A8724B4F226DC090002E8B0C /* Cache */ = {
			isa = PBXGroup;
			children = (
				A8724B64226DC0BC002E8B0C /* SSJMemCacheDataCenter.h */,
				A8724B65226DC0BC002E8B0C /* SSJMemCacheDataCenter.m */,
			);
			path = Cache;
			sourceTree = "<group>";
		};
		A8724B51226DC090002E8B0C /* Support Files */ = {
			isa = PBXGroup;
			children = (
				A8724B7F226DC18E002E8B0C /* SSJNetworkingDefines.h */,
			);
			path = "Support Files";
			sourceTree = "<group>";
		};
		A8724B52226DC090002E8B0C /* Log */ = {
			isa = PBXGroup;
			children = (
				A8724B5D226DC0AE002E8B0C /* NEHTTPEyeDetailViewController.h */,
				A8724B58226DC0AE002E8B0C /* NEHTTPEyeDetailViewController.m */,
				A8724B5E226DC0AE002E8B0C /* NEHTTPEyeViewController.h */,
				A8724B59226DC0AE002E8B0C /* NEHTTPEyeViewController.m */,
				A8724B5B226DC0AE002E8B0C /* NEHTTPModelManager.h */,
				A8724B5F226DC0AE002E8B0C /* NEHTTPModelManager.m */,
				A8724BA7226DCB00002E8B0C /* SSJNetWorkLogHelper.h */,
				A8724BA8226DCB00002E8B0C /* SSJNetWorkLogHelper.m */,
			);
			path = Log;
			sourceTree = "<group>";
		};
		A8724B53226DC090002E8B0C /* Request */ = {
			isa = PBXGroup;
			children = (
				A8724B9B226DC383002E8B0C /* SSJNetWorkHelper.h */,
				A8724B9C226DC383002E8B0C /* SSJNetWorkHelper.m */,
				A8724B8C226DC300002E8B0C /* SSJApiProxy.h */,
				A8724B8D226DC300002E8B0C /* SSJApiProxy.m */,
				A8724B8F226DC315002E8B0C /* SSJHTTPSessionModel.h */,
				A8724B90226DC315002E8B0C /* SSJHTTPSessionModel.m */,
				A8724B92226DC328002E8B0C /* SSJNetWorkConfig.h */,
				A8724B93226DC328002E8B0C /* SSJNetWorkConfig.m */,
				A8724B95226DC34E002E8B0C /* SSJApiRequestManager.h */,
				A8724B96226DC34E002E8B0C /* SSJApiRequestManager.m */,
				A8724BA1226DC402002E8B0C /* SSJNetworkRequestConfig.h */,
				A8724BA2226DC402002E8B0C /* SSJNetworkRequestConfig.m */,
				A8724BA4226DC60D002E8B0C /* SSJURLRequestManager.h */,
				A8724BA5226DC60D002E8B0C /* SSJURLRequestManager.m */,
			);
			path = Request;
			sourceTree = "<group>";
		};
		A8724B54226DC090002E8B0C /* Assets */ = {
			isa = PBXGroup;
			children = (
				A8724B55226DC090002E8B0C /* .gitkeep */,
			);
			path = Assets;
			sourceTree = "<group>";
		};
		A8724BAA226DCE4E002E8B0C /* Home */ = {
			isa = PBXGroup;
			children = (
				A8724BAB226DCE4E002E8B0C /* Controller */,
				A8724BAE226DCE4E002E8B0C /* Model */,
				A8724BAF226DCE4E002E8B0C /* View */,
				A8724BB0226DCE4E002E8B0C /* Service */,
			);
			path = Home;
			sourceTree = "<group>";
		};
		A8724BAB226DCE4E002E8B0C /* Controller */ = {
			isa = PBXGroup;
			children = (
				A8724BAD226DCE4E002E8B0C /* SSJHomeViewController.h */,
				A8724BAC226DCE4E002E8B0C /* SSJHomeViewController.m */,
			);
			path = Controller;
			sourceTree = "<group>";
		};
		A8724BAE226DCE4E002E8B0C /* Model */ = {
			isa = PBXGroup;
			children = (
			);
			path = Model;
			sourceTree = "<group>";
		};
		A8724BAF226DCE4E002E8B0C /* View */ = {
			isa = PBXGroup;
			children = (
			);
			path = View;
			sourceTree = "<group>";
		};
		A8724BB0226DCE4E002E8B0C /* Service */ = {
			isa = PBXGroup;
			children = (
				A8724BB1226DCE4E002E8B0C /* SSJHomeRequestService.m */,
				A8724BB2226DCE4E002E8B0C /* SSJHomeRequestService.h */,
			);
			path = Service;
			sourceTree = "<group>";
		};
		A8724BB3226DCE4E002E8B0C /* HTTPService */ = {
			isa = PBXGroup;
			children = (
				A8724BB6226DCE4E002E8B0C /* NSObject+SSJNetWork.m */,
				A8724BB4226DCE4E002E8B0C /* NSObject+SSJNetWork.h */,
				A8724BBC226DCEF5002E8B0C /* SSJRequestService.h */,
				A8724BBD226DCEF5002E8B0C /* SSJRequestService.m */,
			);
			path = HTTPService;
			sourceTree = "<group>";
		};
/* End PBXGroup section */

/* Begin PBXNativeTarget section */
		6003F589195388D20070C39A /* SSJNetWork_Example */ = {
			isa = PBXNativeTarget;
			buildConfigurationList = 6003F5BF195388D20070C39A /* Build configuration list for PBXNativeTarget "SSJNetWork_Example" */;
			buildPhases = (
				D554255322B49D6D67042617 /* [CP] Check Pods Manifest.lock */,
				6003F586195388D20070C39A /* Sources */,
				6003F587195388D20070C39A /* Frameworks */,
				6003F588195388D20070C39A /* Resources */,
				A0C19C9BBDE2589FB003E5B2 /* [CP] Embed Pods Frameworks */,
			);
			buildRules = (
			);
			dependencies = (
			);
			name = SSJNetWork_Example;
			productName = SSJNetWork;
			productReference = 6003F58A195388D20070C39A /* SSJNetWork_Example.app */;
			productType = "com.apple.product-type.application";
		};
		6003F5AD195388D20070C39A /* SSJNetWork_Tests */ = {
			isa = PBXNativeTarget;
			buildConfigurationList = 6003F5C2195388D20070C39A /* Build configuration list for PBXNativeTarget "SSJNetWork_Tests" */;
			buildPhases = (
				6003F5AA195388D20070C39A /* Sources */,
				6003F5AB195388D20070C39A /* Frameworks */,
				6003F5AC195388D20070C39A /* Resources */,
			);
			buildRules = (
			);
			dependencies = (
				6003F5B4195388D20070C39A /* PBXTargetDependency */,
			);
			name = SSJNetWork_Tests;
			productName = SSJNetWorkTests;
			productReference = 6003F5AE195388D20070C39A /* SSJNetWork_Tests.xctest */;
			productType = "com.apple.product-type.bundle.unit-test";
		};
/* End PBXNativeTarget section */

/* Begin PBXProject section */
		6003F582195388D10070C39A /* Project object */ = {
			isa = PBXProject;
			attributes = {
				CLASSPREFIX = SSJ;
				LastUpgradeCheck = 0720;
				ORGANIZATIONNAME = "15220092519@163.com";
				TargetAttributes = {
					6003F5AD195388D20070C39A = {
						TestTargetID = 6003F589195388D20070C39A;
					};
				};
			};
			buildConfigurationList = 6003F585195388D10070C39A /* Build configuration list for PBXProject "SSJNetWork" */;
			compatibilityVersion = "Xcode 3.2";
			developmentRegion = English;
			hasScannedForEncodings = 0;
			knownRegions = (
				English,
				en,
				Base,
			);
			mainGroup = 6003F581195388D10070C39A;
			productRefGroup = 6003F58B195388D20070C39A /* Products */;
			projectDirPath = "";
			projectRoot = "";
			targets = (
				6003F589195388D20070C39A /* SSJNetWork_Example */,
				6003F5AD195388D20070C39A /* SSJNetWork_Tests */,
			);
		};
/* End PBXProject section */

/* Begin PBXResourcesBuildPhase section */
		6003F588195388D20070C39A /* Resources */ = {
			isa = PBXResourcesBuildPhase;
			buildActionMask = 2147483647;
			files = (
				71719F9F1E33DC2100824A3D /* LaunchScreen.storyboard in Resources */,
				A8724B56226DC090002E8B0C /* .gitkeep in Resources */,
				A8724B57226DC090002E8B0C /* .gitkeep in Resources */,
				A8724BC2226DD15A002E8B0C /* Main.storyboard in Resources */,
				6003F5A9195388D20070C39A /* Images.xcassets in Resources */,
				6003F598195388D20070C39A /* InfoPlist.strings in Resources */,
			);
			runOnlyForDeploymentPostprocessing = 0;
		};
		6003F5AC195388D20070C39A /* Resources */ = {
			isa = PBXResourcesBuildPhase;
			buildActionMask = 2147483647;
			files = (
				6003F5BA195388D20070C39A /* InfoPlist.strings in Resources */,
			);
			runOnlyForDeploymentPostprocessing = 0;
		};
/* End PBXResourcesBuildPhase section */

/* Begin PBXShellScriptBuildPhase section */
		A0C19C9BBDE2589FB003E5B2 /* [CP] Embed Pods Frameworks */ = {
			isa = PBXShellScriptBuildPhase;
			buildActionMask = 2147483647;
			files = (
			);
			inputFileListPaths = (
			);
			inputPaths = (
				"${PODS_ROOT}/Target Support Files/Pods-SSJNetWork_Example/Pods-SSJNetWork_Example-frameworks.sh",
				"${BUILT_PRODUCTS_DIR}/AFNetworking/AFNetworking.framework",
				"${BUILT_PRODUCTS_DIR}/FMDB/FMDB.framework",
				"${BUILT_PRODUCTS_DIR}/SQLCipher/SQLCipher.framework",
				"${BUILT_PRODUCTS_DIR}/YYCache/YYCache.framework",
			);
			name = "[CP] Embed Pods Frameworks";
			outputFileListPaths = (
			);
			outputPaths = (
				"${TARGET_BUILD_DIR}/${FRAMEWORKS_FOLDER_PATH}/AFNetworking.framework",
				"${TARGET_BUILD_DIR}/${FRAMEWORKS_FOLDER_PATH}/FMDB.framework",
				"${TARGET_BUILD_DIR}/${FRAMEWORKS_FOLDER_PATH}/SQLCipher.framework",
				"${TARGET_BUILD_DIR}/${FRAMEWORKS_FOLDER_PATH}/YYCache.framework",
			);
			runOnlyForDeploymentPostprocessing = 0;
			shellPath = /bin/sh;
			shellScript = "\"${PODS_ROOT}/Target Support Files/Pods-SSJNetWork_Example/Pods-SSJNetWork_Example-frameworks.sh\"\n";
			showEnvVarsInLog = 0;
		};
		D554255322B49D6D67042617 /* [CP] Check Pods Manifest.lock */ = {
			isa = PBXShellScriptBuildPhase;
			buildActionMask = 2147483647;
			files = (
			);
			inputFileListPaths = (
			);
			inputPaths = (
				"${PODS_PODFILE_DIR_PATH}/Podfile.lock",
				"${PODS_ROOT}/Manifest.lock",
			);
			name = "[CP] Check Pods Manifest.lock";
			outputFileListPaths = (
			);
			outputPaths = (
				"$(DERIVED_FILE_DIR)/Pods-SSJNetWork_Example-checkManifestLockResult.txt",
			);
			runOnlyForDeploymentPostprocessing = 0;
			shellPath = /bin/sh;
			shellScript = "diff \"${PODS_PODFILE_DIR_PATH}/Podfile.lock\" \"${PODS_ROOT}/Manifest.lock\" > /dev/null\nif [ $? != 0 ] ; then\n    # print error to STDERR\n    echo \"error: The sandbox is not in sync with the Podfile.lock. Run 'pod install' or update your CocoaPods installation.\" >&2\n    exit 1\nfi\n# This output is used by Xcode 'outputs' to avoid re-running this script phase.\necho \"SUCCESS\" > \"${SCRIPT_OUTPUT_FILE_0}\"\n";
			showEnvVarsInLog = 0;
		};
/* End PBXShellScriptBuildPhase section */

/* Begin PBXSourcesBuildPhase section */
		6003F586195388D20070C39A /* Sources */ = {
			isa = PBXSourcesBuildPhase;
			buildActionMask = 2147483647;
			files = (
				A8724B97226DC34E002E8B0C /* SSJApiRequestManager.m in Sources */,
				A8724B8E226DC300002E8B0C /* SSJApiProxy.m in Sources */,
				A8724B82226DC1B7002E8B0C /* NSDictionary+SSJNetWork.m in Sources */,
				A8724B66226DC0BC002E8B0C /* SSJMemCacheDataCenter.m in Sources */,
				A8724B8B226DC232002E8B0C /* UINavigationController+SSJNetWork.m in Sources */,
				A8724BB9226DCE4E002E8B0C /* SSJHomeRequestService.m in Sources */,
				A8724BBA226DCE4E002E8B0C /* NSObject+SSJNetWork.m in Sources */,
				A8724B88226DC213002E8B0C /* UIViewController+SSJNetWork.m in Sources */,
				A8724B61226DC0AE002E8B0C /* NEHTTPEyeViewController.m in Sources */,
				A8724B9D226DC383002E8B0C /* SSJNetWorkHelper.m in Sources */,
				A8724BA6226DC60D002E8B0C /* SSJURLRequestManager.m in Sources */,
				6003F59E195388D20070C39A /* SSJAppDelegate.m in Sources */,
				A8724B94226DC328002E8B0C /* SSJNetWorkConfig.m in Sources */,
				A8724B91226DC315002E8B0C /* SSJHTTPSessionModel.m in Sources */,
				A8724BA9226DCB00002E8B0C /* SSJNetWorkLogHelper.m in Sources */,
				A8724BBE226DCEF5002E8B0C /* SSJRequestService.m in Sources */,
				A8724B63226DC0AE002E8B0C /* NEHTTPModelManager.m in Sources */,
				A8724BB8226DCE4E002E8B0C /* SSJHomeViewController.m in Sources */,
				A8724B85226DC1DB002E8B0C /* NSString+SSJNetWork.m in Sources */,
				A8724B60226DC0AE002E8B0C /* NEHTTPEyeDetailViewController.m in Sources */,
				6003F59A195388D20070C39A /* main.m in Sources */,
				A8724BA3226DC402002E8B0C /* SSJNetworkRequestConfig.m in Sources */,
			);
			runOnlyForDeploymentPostprocessing = 0;
		};
		6003F5AA195388D20070C39A /* Sources */ = {
			isa = PBXSourcesBuildPhase;
			buildActionMask = 2147483647;
			files = (
				6003F5BC195388D20070C39A /* Tests.m in Sources */,
			);
			runOnlyForDeploymentPostprocessing = 0;
		};
/* End PBXSourcesBuildPhase section */

/* Begin PBXTargetDependency section */
		6003F5B4195388D20070C39A /* PBXTargetDependency */ = {
			isa = PBXTargetDependency;
			target = 6003F589195388D20070C39A /* SSJNetWork_Example */;
			targetProxy = 6003F5B3195388D20070C39A /* PBXContainerItemProxy */;
		};
/* End PBXTargetDependency section */

/* Begin PBXVariantGroup section */
		6003F596195388D20070C39A /* InfoPlist.strings */ = {
			isa = PBXVariantGroup;
			children = (
				6003F597195388D20070C39A /* en */,
			);
			name = InfoPlist.strings;
			sourceTree = "<group>";
		};
		6003F5B8195388D20070C39A /* InfoPlist.strings */ = {
			isa = PBXVariantGroup;
			children = (
				6003F5B9195388D20070C39A /* en */,
			);
			name = InfoPlist.strings;
			sourceTree = "<group>";
		};
		71719F9D1E33DC2100824A3D /* LaunchScreen.storyboard */ = {
			isa = PBXVariantGroup;
			children = (
				71719F9E1E33DC2100824A3D /* Base */,
			);
			name = LaunchScreen.storyboard;
			sourceTree = "<group>";
		};
/* End PBXVariantGroup section */

/* Begin XCBuildConfiguration section */
		6003F5BD195388D20070C39A /* Debug */ = {
			isa = XCBuildConfiguration;
			buildSettings = {
				ALWAYS_SEARCH_USER_PATHS = NO;
				CLANG_CXX_LANGUAGE_STANDARD = "gnu++0x";
				CLANG_CXX_LIBRARY = "libc++";
				CLANG_ENABLE_MODULES = YES;
				CLANG_ENABLE_OBJC_ARC = YES;
				CLANG_WARN_BOOL_CONVERSION = YES;
				CLANG_WARN_CONSTANT_CONVERSION = YES;
				CLANG_WARN_DIRECT_OBJC_ISA_USAGE = YES_ERROR;
				CLANG_WARN_EMPTY_BODY = YES;
				CLANG_WARN_ENUM_CONVERSION = YES;
				CLANG_WARN_INT_CONVERSION = YES;
				CLANG_WARN_OBJC_ROOT_CLASS = YES_ERROR;
				CLANG_WARN__DUPLICATE_METHOD_MATCH = YES;
				"CODE_SIGN_IDENTITY[sdk=iphoneos*]" = "iPhone Developer";
				COPY_PHASE_STRIP = NO;
				ENABLE_TESTABILITY = YES;
				GCC_C_LANGUAGE_STANDARD = gnu99;
				GCC_DYNAMIC_NO_PIC = NO;
				GCC_OPTIMIZATION_LEVEL = 0;
				GCC_PREPROCESSOR_DEFINITIONS = (
					"DEBUG=1",
					"$(inherited)",
				);
				GCC_SYMBOLS_PRIVATE_EXTERN = NO;
				GCC_WARN_64_TO_32_BIT_CONVERSION = YES;
				GCC_WARN_ABOUT_RETURN_TYPE = YES_ERROR;
				GCC_WARN_UNDECLARED_SELECTOR = YES;
				GCC_WARN_UNINITIALIZED_AUTOS = YES_AGGRESSIVE;
				GCC_WARN_UNUSED_FUNCTION = YES;
				GCC_WARN_UNUSED_VARIABLE = YES;
				IPHONEOS_DEPLOYMENT_TARGET = 9.3;
				ONLY_ACTIVE_ARCH = YES;
				SDKROOT = iphoneos;
				TARGETED_DEVICE_FAMILY = "1,2";
			};
			name = Debug;
		};
		6003F5BE195388D20070C39A /* Release */ = {
			isa = XCBuildConfiguration;
			buildSettings = {
				ALWAYS_SEARCH_USER_PATHS = NO;
				CLANG_CXX_LANGUAGE_STANDARD = "gnu++0x";
				CLANG_CXX_LIBRARY = "libc++";
				CLANG_ENABLE_MODULES = YES;
				CLANG_ENABLE_OBJC_ARC = YES;
				CLANG_WARN_BOOL_CONVERSION = YES;
				CLANG_WARN_CONSTANT_CONVERSION = YES;
				CLANG_WARN_DIRECT_OBJC_ISA_USAGE = YES_ERROR;
				CLANG_WARN_EMPTY_BODY = YES;
				CLANG_WARN_ENUM_CONVERSION = YES;
				CLANG_WARN_INT_CONVERSION = YES;
				CLANG_WARN_OBJC_ROOT_CLASS = YES_ERROR;
				CLANG_WARN__DUPLICATE_METHOD_MATCH = YES;
				"CODE_SIGN_IDENTITY[sdk=iphoneos*]" = "iPhone Developer";
				COPY_PHASE_STRIP = YES;
				ENABLE_NS_ASSERTIONS = NO;
				GCC_C_LANGUAGE_STANDARD = gnu99;
				GCC_WARN_64_TO_32_BIT_CONVERSION = YES;
				GCC_WARN_ABOUT_RETURN_TYPE = YES_ERROR;
				GCC_WARN_UNDECLARED_SELECTOR = YES;
				GCC_WARN_UNINITIALIZED_AUTOS = YES_AGGRESSIVE;
				GCC_WARN_UNUSED_FUNCTION = YES;
				GCC_WARN_UNUSED_VARIABLE = YES;
				IPHONEOS_DEPLOYMENT_TARGET = 9.3;
				SDKROOT = iphoneos;
				TARGETED_DEVICE_FAMILY = "1,2";
				VALIDATE_PRODUCT = YES;
			};
			name = Release;
		};
		6003F5C0195388D20070C39A /* Debug */ = {
			isa = XCBuildConfiguration;
			baseConfigurationReference = 096F933396571AC4C955BF45 /* Pods-SSJNetWork_Example.debug.xcconfig */;
			buildSettings = {
				ASSETCATALOG_COMPILER_APPICON_NAME = AppIcon;
				GCC_PRECOMPILE_PREFIX_HEADER = YES;
				GCC_PREFIX_HEADER = "SSJNetWork/SSJNetWork-Prefix.pch";
				INFOPLIST_FILE = "SSJNetWork/SSJNetWork-Info.plist";
				MODULE_NAME = ExampleApp;
				PRODUCT_BUNDLE_IDENTIFIER = "org.cocoapods.demo.${PRODUCT_NAME:rfc1034identifier}";
				PRODUCT_NAME = "$(TARGET_NAME)";
				WRAPPER_EXTENSION = app;
			};
			name = Debug;
		};
		6003F5C1195388D20070C39A /* Release */ = {
			isa = XCBuildConfiguration;
			baseConfigurationReference = 5C10CF66FC77A576096A4499 /* Pods-SSJNetWork_Example.release.xcconfig */;
			buildSettings = {
				ASSETCATALOG_COMPILER_APPICON_NAME = AppIcon;
				GCC_PRECOMPILE_PREFIX_HEADER = YES;
				GCC_PREFIX_HEADER = "SSJNetWork/SSJNetWork-Prefix.pch";
				INFOPLIST_FILE = "SSJNetWork/SSJNetWork-Info.plist";
				MODULE_NAME = ExampleApp;
				PRODUCT_BUNDLE_IDENTIFIER = "org.cocoapods.demo.${PRODUCT_NAME:rfc1034identifier}";
				PRODUCT_NAME = "$(TARGET_NAME)";
				WRAPPER_EXTENSION = app;
			};
			name = Release;
		};
		6003F5C3195388D20070C39A /* Debug */ = {
			isa = XCBuildConfiguration;
			buildSettings = {
				BUNDLE_LOADER = "$(TEST_HOST)";
				FRAMEWORK_SEARCH_PATHS = (
					"$(SDKROOT)/Developer/Library/Frameworks",
					"$(inherited)",
					"$(DEVELOPER_FRAMEWORKS_DIR)",
				);
				GCC_PRECOMPILE_PREFIX_HEADER = YES;
				GCC_PREFIX_HEADER = "Tests/Tests-Prefix.pch";
				GCC_PREPROCESSOR_DEFINITIONS = (
					"DEBUG=1",
					"$(inherited)",
				);
				INFOPLIST_FILE = "Tests/Tests-Info.plist";
				PRODUCT_BUNDLE_IDENTIFIER = "org.cocoapods.demo.${PRODUCT_NAME:rfc1034identifier}";
				PRODUCT_NAME = "$(TARGET_NAME)";
				TEST_HOST = "$(BUILT_PRODUCTS_DIR)/SSJNetWork_Example.app/SSJNetWork_Example";
				WRAPPER_EXTENSION = xctest;
			};
			name = Debug;
		};
		6003F5C4195388D20070C39A /* Release */ = {
			isa = XCBuildConfiguration;
			buildSettings = {
				BUNDLE_LOADER = "$(TEST_HOST)";
				FRAMEWORK_SEARCH_PATHS = (
					"$(SDKROOT)/Developer/Library/Frameworks",
					"$(inherited)",
					"$(DEVELOPER_FRAMEWORKS_DIR)",
				);
				GCC_PRECOMPILE_PREFIX_HEADER = YES;
				GCC_PREFIX_HEADER = "Tests/Tests-Prefix.pch";
				INFOPLIST_FILE = "Tests/Tests-Info.plist";
				PRODUCT_BUNDLE_IDENTIFIER = "org.cocoapods.demo.${PRODUCT_NAME:rfc1034identifier}";
				PRODUCT_NAME = "$(TARGET_NAME)";
				TEST_HOST = "$(BUILT_PRODUCTS_DIR)/SSJNetWork_Example.app/SSJNetWork_Example";
				WRAPPER_EXTENSION = xctest;
			};
			name = Release;
		};
/* End XCBuildConfiguration section */

/* Begin XCConfigurationList section */
		6003F585195388D10070C39A /* Build configuration list for PBXProject "SSJNetWork" */ = {
			isa = XCConfigurationList;
			buildConfigurations = (
				6003F5BD195388D20070C39A /* Debug */,
				6003F5BE195388D20070C39A /* Release */,
			);
			defaultConfigurationIsVisible = 0;
			defaultConfigurationName = Release;
		};
		6003F5BF195388D20070C39A /* Build configuration list for PBXNativeTarget "SSJNetWork_Example" */ = {
			isa = XCConfigurationList;
			buildConfigurations = (
				6003F5C0195388D20070C39A /* Debug */,
				6003F5C1195388D20070C39A /* Release */,
			);
			defaultConfigurationIsVisible = 0;
			defaultConfigurationName = Release;
		};
		6003F5C2195388D20070C39A /* Build configuration list for PBXNativeTarget "SSJNetWork_Tests" */ = {
			isa = XCConfigurationList;
			buildConfigurations = (
				6003F5C3195388D20070C39A /* Debug */,
				6003F5C4195388D20070C39A /* Release */,
			);
			defaultConfigurationIsVisible = 0;
			defaultConfigurationName = Release;
		};
/* End XCConfigurationList section */
	};
	rootObject = 6003F582195388D10070C39A /* Project object */;
}
